
Microsoft Visual Studio Solution File, Format Version 12.00
# Visual Studio 15
VisualStudioVersion = 15.0.26124.0
MinimumVisualStudioVersion = 15.0.26124.0
Project("{FAE04EC0-301F-11D3-BF4B-00C04F79EFBC}") = "Kavita.Common", "Kavita.Common\Kavita.Common.csproj", "{165A86F5-9E74-4C05-9305-A6F0BA32C9EE}"
EndProject
Project("{FAE04EC0-301F-11D3-BF4B-00C04F79EFBC}") = "Kavita.API", "Kavita.API\Kavita.API.csproj", "{01191616-53A6-4C12-B39E-CC6B30364399}"
EndProject
Project("{FAE04EC0-301F-11D3-BF4B-00C04F79EFBC}") = "Kavita.Server", "Kavita.Server\Kavita.Server.csproj", "{D5AED3C5-1CB2-43EC-B17B-6635FD88407B}"
EndProject
Project("{FAE04EC0-301F-11D3-BF4B-00C04F79EFBC}") = "Kavita.Services", "Kavita.Services\Kavita.Services.csproj", "{A45040F3-81F3-45C7-9EBD-BF4289E39F68}"
EndProject
Project("{FAE04EC0-301F-11D3-BF4B-00C04F79EFBC}") = "Kavita.Models", "Kavita.Models\Kavita.Models.csproj", "{1F33A4EA-5F5D-453A-991B-BAECA4AECB65}"
EndProject
Project("{FAE04EC0-301F-11D3-BF4B-00C04F79EFBC}") = "Kavita.Database", "Kavita.Database\Kavita.Database.csproj", "{1133F869-1D61-466C-8B33-0E3286861F25}"
EndProject
Project("{FAE04EC0-301F-11D3-BF4B-00C04F79EFBC}") = "Kavita.Database.Tests", "Kavita.Database.Tests\Kavita.Database.Tests.csproj", "{D150983F-448E-465A-A4A4-9DC08095E22D}"
EndProject
Project("{FAE04EC0-301F-11D3-BF4B-00C04F79EFBC}") = "Kavita.Services.Tests", "Kavita.Services.Tests\Kavita.Services.Tests.csproj", "{6BA8B61A-BF07-4A7C-A491-AA5B6A6CE7A1}"
EndProject
Project("{FAE04EC0-301F-11D3-BF4B-00C04F79EFBC}") = "Kavita.Server.Tests", "Kavita.Server.Tests\Kavita.Server.Tests.csproj", "{1A3CF436-9715-4942-A584-801F3CE10A86}"
EndProject
Project("{FAE04EC0-301F-11D3-BF4B-00C04F79EFBC}") = "Kavita.Common.Tests", "Kavita.Common.Tests\Kavita.Common.Tests.csproj", "{5C8EE151-361E-4C2C-BB1D-9828A7922876}"
EndProject
Project("{FAE04EC0-301F-11D3-BF4B-00C04F79EFBC}") = "Kavita.Models.Tests", "Kavita.Models.Tests\Kavita.Models.Tests.csproj", "{7CAAB7E1-D5F3-4AC0-AF8E-6A0432E6A3B1}"
EndProject
Project("{FAE04EC0-301F-11D3-BF4B-00C04F79EFBC}") = "Kavita.Benchmark", "Kavita.Benchmark\Kavita.Benchmark.csproj", "{CF765586-FAF5-4701-900D-C2CE8897CCC7}"
EndProject
Project("{FAE04EC0-301F-11D3-BF4B-00C04F79EFBC}") = "Kavita.Integration.Tests", "Kavita.Integration.Tests\Kavita.Integration.Tests.csproj", "{15A9CDCD-D4CE-4155-8338-6FB9CB2EDC56}"
EndProject
Global
	GlobalSection(SolutionConfigurationPlatforms) = preSolution
		Debug|Any CPU = Debug|Any CPU
		Debug|x64 = Debug|x64
		Debug|x86 = Debug|x86
		Release|Any CPU = Release|Any CPU
		Release|x64 = Release|x64
		Release|x86 = Release|x86
	EndGlobalSection
	GlobalSection(ProjectConfigurationPlatforms) = postSolution
		{165A86F5-9E74-4C05-9305-A6F0BA32C9EE}.Debug|Any CPU.ActiveCfg = Debug|Any CPU
		{165A86F5-9E74-4C05-9305-A6F0BA32C9EE}.Debug|Any CPU.Build.0 = Debug|Any CPU
		{165A86F5-9E74-4C05-9305-A6F0BA32C9EE}.Debug|x64.ActiveCfg = Debug|Any CPU
		{165A86F5-9E74-4C05-9305-A6F0BA32C9EE}.Debug|x64.Build.0 = Debug|Any CPU
		{165A86F5-9E74-4C05-9305-A6F0BA32C9EE}.Debug|x86.ActiveCfg = Debug|Any CPU
		{165A86F5-9E74-4C05-9305-A6F0BA32C9EE}.Debug|x86.Build.0 = Debug|Any CPU
		{165A86F5-9E74-4C05-9305-A6F0BA32C9EE}.Release|Any CPU.ActiveCfg = Release|Any CPU
		{165A86F5-9E74-4C05-9305-A6F0BA32C9EE}.Release|Any CPU.Build.0 = Release|Any CPU
		{165A86F5-9E74-4C05-9305-A6F0BA32C9EE}.Release|x64.ActiveCfg = Release|Any CPU
		{165A86F5-9E74-4C05-9305-A6F0BA32C9EE}.Release|x64.Build.0 = Release|Any CPU
		{165A86F5-9E74-4C05-9305-A6F0BA32C9EE}.Release|x86.ActiveCfg = Release|Any CPU
		{165A86F5-9E74-4C05-9305-A6F0BA32C9EE}.Release|x86.Build.0 = Release|Any CPU
		{01191616-53A6-4C12-B39E-CC6B30364399}.Debug|Any CPU.ActiveCfg = Debug|Any CPU
		{01191616-53A6-4C12-B39E-CC6B30364399}.Debug|Any CPU.Build.0 = Debug|Any CPU
		{01191616-53A6-4C12-B39E-CC6B30364399}.Debug|x64.ActiveCfg = Debug|Any CPU
		{01191616-53A6-4C12-B39E-CC6B30364399}.Debug|x64.Build.0 = Debug|Any CPU
		{01191616-53A6-4C12-B39E-CC6B30364399}.Debug|x86.ActiveCfg = Debug|Any CPU
		{01191616-53A6-4C12-B39E-CC6B30364399}.Debug|x86.Build.0 = Debug|Any CPU
		{01191616-53A6-4C12-B39E-CC6B30364399}.Release|Any CPU.ActiveCfg = Release|Any CPU
		{01191616-53A6-4C12-B39E-CC6B30364399}.Release|Any CPU.Build.0 = Release|Any CPU
		{01191616-53A6-4C12-B39E-CC6B30364399}.Release|x64.ActiveCfg = Release|Any CPU
		{01191616-53A6-4C12-B39E-CC6B30364399}.Release|x64.Build.0 = Release|Any CPU
		{01191616-53A6-4C12-B39E-CC6B30364399}.Release|x86.ActiveCfg = Release|Any CPU
		{01191616-53A6-4C12-B39E-CC6B30364399}.Release|x86.Build.0 = Release|Any CPU
		{D5AED3C5-1CB2-43EC-B17B-6635FD88407B}.Debug|Any CPU.ActiveCfg = Debug|Any CPU
		{D5AED3C5-1CB2-43EC-B17B-6635FD88407B}.Debug|Any CPU.Build.0 = Debug|Any CPU
		{D5AED3C5-1CB2-43EC-B17B-6635FD88407B}.Debug|x64.ActiveCfg = Debug|Any CPU
		{D5AED3C5-1CB2-43EC-B17B-6635FD88407B}.Debug|x64.Build.0 = Debug|Any CPU
		{D5AED3C5-1CB2-43EC-B17B-6635FD88407B}.Debug|x86.ActiveCfg = Debug|Any CPU
		{D5AED3C5-1CB2-43EC-B17B-6635FD88407B}.Debug|x86.Build.0 = Debug|Any CPU
		{D5AED3C5-1CB2-43EC-B17B-6635FD88407B}.Release|Any CPU.ActiveCfg = Release|Any CPU
		{D5AED3C5-1CB2-43EC-B17B-6635FD88407B}.Release|Any CPU.Build.0 = Release|Any CPU
		{D5AED3C5-1CB2-43EC-B17B-6635FD88407B}.Release|x64.ActiveCfg = Release|Any CPU
		{D5AED3C5-1CB2-43EC-B17B-6635FD88407B}.Release|x64.Build.0 = Release|Any CPU
		{D5AED3C5-1CB2-43EC-B17B-6635FD88407B}.Release|x86.ActiveCfg = Release|Any CPU
		{D5AED3C5-1CB2-43EC-B17B-6635FD88407B}.Release|x86.Build.0 = Release|Any CPU
		{A45040F3-81F3-45C7-9EBD-BF4289E39F68}.Debug|Any CPU.ActiveCfg = Debug|Any CPU
		{A45040F3-81F3-45C7-9EBD-BF4289E39F68}.Debug|Any CPU.Build.0 = Debug|Any CPU
		{A45040F3-81F3-45C7-9EBD-BF4289E39F68}.Debug|x64.ActiveCfg = Debug|Any CPU
		{A45040F3-81F3-45C7-9EBD-BF4289E39F68}.Debug|x64.Build.0 = Debug|Any CPU
		{A45040F3-81F3-45C7-9EBD-BF4289E39F68}.Debug|x86.ActiveCfg = Debug|Any CPU
		{A45040F3-81F3-45C7-9EBD-BF4289E39F68}.Debug|x86.Build.0 = Debug|Any CPU
		{A45040F3-81F3-45C7-9EBD-BF4289E39F68}.Release|Any CPU.ActiveCfg = Release|Any CPU
		{A45040F3-81F3-45C7-9EBD-BF4289E39F68}.Release|Any CPU.Build.0 = Release|Any CPU
		{A45040F3-81F3-45C7-9EBD-BF4289E39F68}.Release|x64.ActiveCfg = Release|Any CPU
		{A45040F3-81F3-45C7-9EBD-BF4289E39F68}.Release|x64.Build.0 = Release|Any CPU
		{A45040F3-81F3-45C7-9EBD-BF4289E39F68}.Release|x86.ActiveCfg = Release|Any CPU
		{A45040F3-81F3-45C7-9EBD-BF4289E39F68}.Release|x86.Build.0 = Release|Any CPU
		{1F33A4EA-5F5D-453A-991B-BAECA4AECB65}.Debug|Any CPU.ActiveCfg = Debug|Any CPU
		{1F33A4EA-5F5D-453A-991B-BAECA4AECB65}.Debug|Any CPU.Build.0 = Debug|Any CPU
		{1F33A4EA-5F5D-453A-991B-BAECA4AECB65}.Debug|x64.ActiveCfg = Debug|Any CPU
		{1F33A4EA-5F5D-453A-991B-BAECA4AECB65}.Debug|x64.Build.0 = Debug|Any CPU
		{1F33A4EA-5F5D-453A-991B-BAECA4AECB65}.Debug|x86.ActiveCfg = Debug|Any CPU
		{1F33A4EA-5F5D-453A-991B-BAECA4AECB65}.Debug|x86.Build.0 = Debug|Any CPU
		{1F33A4EA-5F5D-453A-991B-BAECA4AECB65}.Release|Any CPU.ActiveCfg = Release|Any CPU
		{1F33A4EA-5F5D-453A-991B-BAECA4AECB65}.Release|Any CPU.Build.0 = Release|Any CPU
		{1F33A4EA-5F5D-453A-991B-BAECA4AECB65}.Release|x64.ActiveCfg = Release|Any CPU
		{1F33A4EA-5F5D-453A-991B-BAECA4AECB65}.Release|x64.Build.0 = Release|Any CPU
		{1F33A4EA-5F5D-453A-991B-BAECA4AECB65}.Release|x86.ActiveCfg = Release|Any CPU
		{1F33A4EA-5F5D-453A-991B-BAECA4AECB65}.Release|x86.Build.0 = Release|Any CPU
		{1133F869-1D61-466C-8B33-0E3286861F25}.Debug|Any CPU.ActiveCfg = Debug|Any CPU
		{1133F869-1D61-466C-8B33-0E3286861F25}.Debug|Any CPU.Build.0 = Debug|Any CPU
		{1133F869-1D61-466C-8B33-0E3286861F25}.Debug|x64.ActiveCfg = Debug|Any CPU
		{1133F869-1D61-466C-8B33-0E3286861F25}.Debug|x64.Build.0 = Debug|Any CPU
		{1133F869-1D61-466C-8B33-0E3286861F25}.Debug|x86.ActiveCfg = Debug|Any CPU
		{1133F869-1D61-466C-8B33-0E3286861F25}.Debug|x86.Build.0 = Debug|Any CPU
		{1133F869-1D61-466C-8B33-0E3286861F25}.Release|Any CPU.ActiveCfg = Release|Any CPU
		{1133F869-1D61-466C-8B33-0E3286861F25}.Release|Any CPU.Build.0 = Release|Any CPU
		{1133F869-1D61-466C-8B33-0E3286861F25}.Release|x64.ActiveCfg = Release|Any CPU
		{1133F869-1D61-466C-8B33-0E3286861F25}.Release|x64.Build.0 = Release|Any CPU
		{1133F869-1D61-466C-8B33-0E3286861F25}.Release|x86.ActiveCfg = Release|Any CPU
		{1133F869-1D61-466C-8B33-0E3286861F25}.Release|x86.Build.0 = Release|Any CPU
		{D150983F-448E-465A-A4A4-9DC08095E22D}.Debug|Any CPU.ActiveCfg = Debug|Any CPU
		{D150983F-448E-465A-A4A4-9DC08095E22D}.Debug|Any CPU.Build.0 = Debug|Any CPU
		{D150983F-448E-465A-A4A4-9DC08095E22D}.Debug|x64.ActiveCfg = Debug|Any CPU
		{D150983F-448E-465A-A4A4-9DC08095E22D}.Debug|x64.Build.0 = Debug|Any CPU
		{D150983F-448E-465A-A4A4-9DC08095E22D}.Debug|x86.ActiveCfg = Debug|Any CPU
		{D150983F-448E-465A-A4A4-9DC08095E22D}.Debug|x86.Build.0 = Debug|Any CPU
		{D150983F-448E-465A-A4A4-9DC08095E22D}.Release|Any CPU.ActiveCfg = Release|Any CPU
		{D150983F-448E-465A-A4A4-9DC08095E22D}.Release|Any CPU.Build.0 = Release|Any CPU
		{D150983F-448E-465A-A4A4-9DC08095E22D}.Release|x64.ActiveCfg = Release|Any CPU
		{D150983F-448E-465A-A4A4-9DC08095E22D}.Release|x64.Build.0 = Release|Any CPU
		{D150983F-448E-465A-A4A4-9DC08095E22D}.Release|x86.ActiveCfg = Release|Any CPU
		{D150983F-448E-465A-A4A4-9DC08095E22D}.Release|x86.Build.0 = Release|Any CPU
		{6BA8B61A-BF07-4A7C-A491-AA5B6A6CE7A1}.Debug|Any CPU.ActiveCfg = Debug|Any CPU
		{6BA8B61A-BF07-4A7C-A491-AA5B6A6CE7A1}.Debug|Any CPU.Build.0 = Debug|Any CPU
		{6BA8B61A-BF07-4A7C-A491-AA5B6A6CE7A1}.Debug|x64.ActiveCfg = Debug|Any CPU
		{6BA8B61A-BF07-4A7C-A491-AA5B6A6CE7A1}.Debug|x64.Build.0 = Debug|Any CPU
		{6BA8B61A-BF07-4A7C-A491-AA5B6A6CE7A1}.Debug|x86.ActiveCfg = Debug|Any CPU
		{6BA8B61A-BF07-4A7C-A491-AA5B6A6CE7A1}.Debug|x86.Build.0 = Debug|Any CPU
		{6BA8B61A-BF07-4A7C-A491-AA5B6A6CE7A1}.Release|Any CPU.ActiveCfg = Release|Any CPU
		{6BA8B61A-BF07-4A7C-A491-AA5B6A6CE7A1}.Release|Any CPU.Build.0 = Release|Any CPU
		{6BA8B61A-BF07-4A7C-A491-AA5B6A6CE7A1}.Release|x64.ActiveCfg = Release|Any CPU
		{6BA8B61A-BF07-4A7C-A491-AA5B6A6CE7A1}.Release|x64.Build.0 = Release|Any CPU
		{6BA8B61A-BF07-4A7C-A491-AA5B6A6CE7A1}.Release|x86.ActiveCfg = Release|Any CPU
		{6BA8B61A-BF07-4A7C-A491-AA5B6A6CE7A1}.Release|x86.Build.0 = Release|Any CPU
		{1A3CF436-9715-4942-A584-801F3CE10A86}.Debug|Any CPU.ActiveCfg = Debug|Any CPU
		{1A3CF436-9715-4942-A584-801F3CE10A86}.Debug|Any CPU.Build.0 = Debug|Any CPU
		{1A3CF436-9715-4942-A584-801F3CE10A86}.Debug|x64.ActiveCfg = Debug|Any CPU
		{1A3CF436-9715-4942-A584-801F3CE10A86}.Debug|x64.Build.0 = Debug|Any CPU
		{1A3CF436-9715-4942-A584-801F3CE10A86}.Debug|x86.ActiveCfg = Debug|Any CPU
		{1A3CF436-9715-4942-A584-801F3CE10A86}.Debug|x86.Build.0 = Debug|Any CPU
		{1A3CF436-9715-4942-A584-801F3CE10A86}.Release|Any CPU.ActiveCfg = Release|Any CPU
		{1A3CF436-9715-4942-A584-801F3CE10A86}.Release|Any CPU.Build.0 = Release|Any CPU
		{1A3CF436-9715-4942-A584-801F3CE10A86}.Release|x64.ActiveCfg = Release|Any CPU
		{1A3CF436-9715-4942-A584-801F3CE10A86}.Release|x64.Build.0 = Release|Any CPU
		{1A3CF436-9715-4942-A584-801F3CE10A86}.Release|x86.ActiveCfg = Release|Any CPU
		{1A3CF436-9715-4942-A584-801F3CE10A86}.Release|x86.Build.0 = Release|Any CPU
		{5C8EE151-361E-4C2C-BB1D-9828A7922876}.Debug|Any CPU.ActiveCfg = Debug|Any CPU
		{5C8EE151-361E-4C2C-BB1D-9828A7922876}.Debug|Any CPU.Build.0 = Debug|Any CPU
		{5C8EE151-361E-4C2C-BB1D-9828A7922876}.Debug|x64.ActiveCfg = Debug|Any CPU
		{5C8EE151-361E-4C2C-BB1D-9828A7922876}.Debug|x64.Build.0 = Debug|Any CPU
		{5C8EE151-361E-4C2C-BB1D-9828A7922876}.Debug|x86.ActiveCfg = Debug|Any CPU
		{5C8EE151-361E-4C2C-BB1D-9828A7922876}.Debug|x86.Build.0 = Debug|Any CPU
		{5C8EE151-361E-4C2C-BB1D-9828A7922876}.Release|Any CPU.ActiveCfg = Release|Any CPU
		{5C8EE151-361E-4C2C-BB1D-9828A7922876}.Release|Any CPU.Build.0 = Release|Any CPU
		{5C8EE151-361E-4C2C-BB1D-9828A7922876}.Release|x64.ActiveCfg = Release|Any CPU
		{5C8EE151-361E-4C2C-BB1D-9828A7922876}.Release|x64.Build.0 = Release|Any CPU
		{5C8EE151-361E-4C2C-BB1D-9828A7922876}.Release|x86.ActiveCfg = Release|Any CPU
		{5C8EE151-361E-4C2C-BB1D-9828A7922876}.Release|x86.Build.0 = Release|Any CPU
		{7CAAB7E1-D5F3-4AC0-AF8E-6A0432E6A3B1}.Debug|Any CPU.ActiveCfg = Debug|Any CPU
		{7CAAB7E1-D5F3-4AC0-AF8E-6A0432E6A3B1}.Debug|Any CPU.Build.0 = Debug|Any CPU
		{7CAAB7E1-D5F3-4AC0-AF8E-6A0432E6A3B1}.Debug|x64.ActiveCfg = Debug|Any CPU
		{7CAAB7E1-D5F3-4AC0-AF8E-6A0432E6A3B1}.Debug|x64.Build.0 = Debug|Any CPU
		{7CAAB7E1-D5F3-4AC0-AF8E-6A0432E6A3B1}.Debug|x86.ActiveCfg = Debug|Any CPU
		{7CAAB7E1-D5F3-4AC0-AF8E-6A0432E6A3B1}.Debug|x86.Build.0 = Debug|Any CPU
		{7CAAB7E1-D5F3-4AC0-AF8E-6A0432E6A3B1}.Release|Any CPU.ActiveCfg = Release|Any CPU
		{7CAAB7E1-D5F3-4AC0-AF8E-6A0432E6A3B1}.Release|Any CPU.Build.0 = Release|Any CPU
		{7CAAB7E1-D5F3-4AC0-AF8E-6A0432E6A3B1}.Release|x64.ActiveCfg = Release|Any CPU
		{7CAAB7E1-D5F3-4AC0-AF8E-6A0432E6A3B1}.Release|x64.Build.0 = Release|Any CPU
		{7CAAB7E1-D5F3-4AC0-AF8E-6A0432E6A3B1}.Release|x86.ActiveCfg = Release|Any CPU
		{7CAAB7E1-D5F3-4AC0-AF8E-6A0432E6A3B1}.Release|x86.Build.0 = Release|Any CPU
		{CF765586-FAF5-4701-900D-C2CE8897CCC7}.Debug|Any CPU.ActiveCfg = Debug|Any CPU
		{CF765586-FAF5-4701-900D-C2CE8897CCC7}.Debug|Any CPU.Build.0 = Debug|Any CPU
		{CF765586-FAF5-4701-900D-C2CE8897CCC7}.Debug|x64.ActiveCfg = Debug|Any CPU
		{CF765586-FAF5-4701-900D-C2CE8897CCC7}.Debug|x64.Build.0 = Debug|Any CPU
		{CF765586-FAF5-4701-900D-C2CE8897CCC7}.Debug|x86.ActiveCfg = Debug|Any CPU
		{CF765586-FAF5-4701-900D-C2CE8897CCC7}.Debug|x86.Build.0 = Debug|Any CPU
		{CF765586-FAF5-4701-900D-C2CE8897CCC7}.Release|Any CPU.ActiveCfg = Release|Any CPU
		{CF765586-FAF5-4701-900D-C2CE8897CCC7}.Release|Any CPU.Build.0 = Release|Any CPU
		{CF765586-FAF5-4701-900D-C2CE8897CCC7}.Release|x64.ActiveCfg = Release|Any CPU
		{CF765586-FAF5-4701-900D-C2CE8897CCC7}.Release|x64.Build.0 = Release|Any CPU
		{CF765586-FAF5-4701-900D-C2CE8897CCC7}.Release|x86.ActiveCfg = Release|Any CPU
		{CF765586-FAF5-4701-900D-C2CE8897CCC7}.Release|x86.Build.0 = Release|Any CPU
		{15A9CDCD-D4CE-4155-8338-6FB9CB2EDC56}.Debug|Any CPU.ActiveCfg = Debug|Any CPU
		{15A9CDCD-D4CE-4155-8338-6FB9CB2EDC56}.Debug|Any CPU.Build.0 = Debug|Any CPU
		{15A9CDCD-D4CE-4155-8338-6FB9CB2EDC56}.Debug|x64.ActiveCfg = Debug|Any CPU
		{15A9CDCD-D4CE-4155-8338-6FB9CB2EDC56}.Debug|x64.Build.0 = Debug|Any CPU
		{15A9CDCD-D4CE-4155-8338-6FB9CB2EDC56}.Debug|x86.ActiveCfg = Debug|Any CPU
		{15A9CDCD-D4CE-4155-8338-6FB9CB2EDC56}.Debug|x86.Build.0 = Debug|Any CPU
		{15A9CDCD-D4CE-4155-8338-6FB9CB2EDC56}.Release|Any CPU.ActiveCfg = Release|Any CPU
		{15A9CDCD-D4CE-4155-8338-6FB9CB2EDC56}.Release|Any CPU.Build.0 = Release|Any CPU
		{15A9CDCD-D4CE-4155-8338-6FB9CB2EDC56}.Release|x64.ActiveCfg = Release|Any CPU
		{15A9CDCD-D4CE-4155-8338-6FB9CB2EDC56}.Release|x64.Build.0 = Release|Any CPU
		{15A9CDCD-D4CE-4155-8338-6FB9CB2EDC56}.Release|x86.ActiveCfg = Release|Any CPU
		{15A9CDCD-D4CE-4155-8338-6FB9CB2EDC56}.Release|x86.Build.0 = Release|Any CPU
	EndGlobalSection
	GlobalSection(SolutionProperties) = preSolution
		HideSolutionNode = FALSE
	EndGlobalSection
EndGlobal
