
Microsoft Visual Studio Solution File, Format Version 12.00
# Visual Studio 15
VisualStudioVersion = 15.0.26124.0
MinimumVisualStudioVersion = 15.0.26124.0
Project("{FAE04EC0-301F-11D3-BF4B-00C04F79EFBC}") = "API", "API\API.csproj", "{1BC0273F-FEBE-4DA1-BC04-3A3167E4C86C}"
EndProject
Project("{FAE04EC0-301F-11D3-BF4B-00C04F79EFBC}") = "API.Tests", "API.Tests\API.Tests.csproj", "{6F7910F2-1B95-4570-A490-519C8935B9D1}"
EndProject
Project("{FAE04EC0-301F-11D3-BF4B-00C04F79EFBC}") = "Kavita.Common", "Kavita.Common\Kavita.Common.csproj", "{165A86F5-9E74-4C05-9305-A6F0BA32C9EE}"
EndProject
Global
	GlobalSection(SolutionConfigurationPlatforms) = preSolution
		Debug|Any CPU = Debug|Any CPU
		Debug|x64 = Debug|x64
		Debug|x86 = Debug|x86
		Release|Any CPU = Release|Any CPU
		Release|x64 = Release|x64
		Release|x86 = Release|x86
	EndGlobalSection
	GlobalSection(SolutionProperties) = preSolution
		HideSolutionNode = FALSE
	EndGlobalSection
	GlobalSection(ProjectConfigurationPlatforms) = postSolution
		{1BC0273F-FEBE-4DA1-BC04-3A3167E4C86C}.Debug|Any CPU.ActiveCfg = Debug|Any CPU
		{1BC0273F-FEBE-4DA1-BC04-3A3167E4C86C}.Debug|Any CPU.Build.0 = Debug|Any CPU
		{1BC0273F-FEBE-4DA1-BC04-3A3167E4C86C}.Debug|x64.ActiveCfg = Debug|Any CPU
		{1BC0273F-FEBE-4DA1-BC04-3A3167E4C86C}.Debug|x64.Build.0 = Debug|Any CPU
		{1BC0273F-FEBE-4DA1-BC04-3A3167E4C86C}.Debug|x86.ActiveCfg = Debug|Any CPU
		{1BC0273F-FEBE-4DA1-BC04-3A3167E4C86C}.Debug|x86.Build.0 = Debug|Any CPU
		{1BC0273F-FEBE-4DA1-BC04-3A3167E4C86C}.Release|Any CPU.ActiveCfg = Release|Any CPU
		{1BC0273F-FEBE-4DA1-BC04-3A3167E4C86C}.Release|Any CPU.Build.0 = Release|Any CPU
		{1BC0273F-FEBE-4DA1-BC04-3A3167E4C86C}.Release|x64.ActiveCfg = Release|Any CPU
		{1BC0273F-FEBE-4DA1-BC04-3A3167E4C86C}.Release|x64.Build.0 = Release|Any CPU
		{1BC0273F-FEBE-4DA1-BC04-3A3167E4C86C}.Release|x86.ActiveCfg = Release|Any CPU
		{1BC0273F-FEBE-4DA1-BC04-3A3167E4C86C}.Release|x86.Build.0 = Release|Any CPU
		{6F7910F2-1B95-4570-A490-519C8935B9D1}.Debug|Any CPU.ActiveCfg = Debug|Any CPU
		{6F7910F2-1B95-4570-A490-519C8935B9D1}.Debug|Any CPU.Build.0 = Debug|Any CPU
		{6F7910F2-1B95-4570-A490-519C8935B9D1}.Debug|x64.ActiveCfg = Debug|Any CPU
		{6F7910F2-1B95-4570-A490-519C8935B9D1}.Debug|x64.Build.0 = Debug|Any CPU
		{6F7910F2-1B95-4570-A490-519C8935B9D1}.Debug|x86.ActiveCfg = Debug|Any CPU
		{6F7910F2-1B95-4570-A490-519C8935B9D1}.Debug|x86.Build.0 = Debug|Any CPU
		{6F7910F2-1B95-4570-A490-519C8935B9D1}.Release|Any CPU.ActiveCfg = Release|Any CPU
		{6F7910F2-1B95-4570-A490-519C8935B9D1}.Release|Any CPU.Build.0 = Release|Any CPU
		{6F7910F2-1B95-4570-A490-519C8935B9D1}.Release|x64.ActiveCfg = Release|Any CPU
		{6F7910F2-1B95-4570-A490-519C8935B9D1}.Release|x64.Build.0 = Release|Any CPU
		{6F7910F2-1B95-4570-A490-519C8935B9D1}.Release|x86.ActiveCfg = Release|Any CPU
		{6F7910F2-1B95-4570-A490-519C8935B9D1}.Release|x86.Build.0 = Release|Any CPU
		{165A86F5-9E74-4C05-9305-A6F0BA32C9EE}.Debug|Any CPU.ActiveCfg = Debug|Any CPU
		{165A86F5-9E74-4C05-9305-A6F0BA32C9EE}.Debug|Any CPU.Build.0 = Debug|Any CPU
		{165A86F5-9E74-4C05-9305-A6F0BA32C9EE}.Debug|x64.ActiveCfg = Debug|Any CPU
		{165A86F5-9E74-4C05-9305-A6F0BA32C9EE}.Debug|x64.Build.0 = Debug|Any CPU
		{165A86F5-9E74-4C05-9305-A6F0BA32C9EE}.Debug|x86.ActiveCfg = Debug|Any CPU
		{165A86F5-9E74-4C05-9305-A6F0BA32C9EE}.Debug|x86.Build.0 = Debug|Any CPU
		{165A86F5-9E74-4C05-9305-A6F0BA32C9EE}.Release|Any CPU.ActiveCfg = Release|Any CPU
		{165A86F5-9E74-4C05-9305-A6F0BA32C9EE}.Release|Any CPU.Build.0 = Release|Any CPU
		{165A86F5-9E74-4C05-9305-A6F0BA32C9EE}.Release|x64.ActiveCfg = Release|Any CPU
		{165A86F5-9E74-4C05-9305-A6F0BA32C9EE}.Release|x64.Build.0 = Release|Any CPU
		{165A86F5-9E74-4C05-9305-A6F0BA32C9EE}.Release|x86.ActiveCfg = Release|Any CPU
		{165A86F5-9E74-4C05-9305-A6F0BA32C9EE}.Release|x86.Build.0 = Release|Any CPU
	EndGlobalSection
EndGlobal
